
Microsoft Visual Studio Solution File, Format Version 12.00
# Visual Studio Version 17
VisualStudioVersion = 17.0.31903.59
MinimumVisualStudioVersion = 10.0.40219.1
Project("{2150E333-8FDC-42A3-9474-1A3956D46DE8}") = "src", "src", "{827E0CD3-B72D-47B6-A68D-7590B98EB39B}"
EndProject
Project("{FAE04EC0-301F-11D3-BF4B-00C04F79EFBC}") = "SysAssist.Api", "src\SysAssist.Api\SysAssist.Api.csproj", "{C1FA9B7B-BF90-4C22-83DD-A1BB027ADF30}"
EndProject
Project("{FAE04EC0-301F-11D3-BF4B-00C04F79EFBC}") = "SysAssist.Application", "src\SysAssist.Application\SysAssist.Application.csproj", "{C0A15D6A-E5CE-4B67-AD9E-6C3A02ED6103}"
EndProject
Project("{FAE04EC0-301F-11D3-BF4B-00C04F79EFBC}") = "SysAssist.Domain", "src\SysAssist.Domain\SysAssist.Domain.csproj", "{9C520BEE-4C91-48C8-B750-F7027BFEF867}"
EndProject
Project("{FAE04EC0-301F-11D3-BF4B-00C04F79EFBC}") = "SysAssist.Contracts", "src\SysAssist.Contracts\SysAssist.Contracts.csproj", "{E38795E9-EB4B-4A05-975F-C4F832EDAEBC}"
EndProject
Project("{FAE04EC0-301F-11D3-BF4B-00C04F79EFBC}") = "SysAssist.Infrastructure", "src\SysAssist.Infrastructure\SysAssist.Infrastructure.csproj", "{0EECD271-BD0E-4BFC-A069-8CBD9E6579B9}"
EndProject
Project("{2150E333-8FDC-42A3-9474-1A3956D46DE8}") = "tests", "tests", "{0AB3BF05-4346-4AA6-1389-037BE0695223}"
EndProject
Project("{FAE04EC0-301F-11D3-BF4B-00C04F79EFBC}") = "SysAssist.Tests", "tests\SysAssist.Tests\SysAssist.Tests.csproj", "{FAD0E772-0A57-4069-9F47-AEC2111EBAAF}"
EndProject
Global
	GlobalSection(SolutionConfigurationPlatforms) = preSolution
		Debug|Any CPU = Debug|Any CPU
		Debug|x64 = Debug|x64
		Debug|x86 = Debug|x86
		Release|Any CPU = Release|Any CPU
		Release|x64 = Release|x64
		Release|x86 = Release|x86
	EndGlobalSection
	GlobalSection(ProjectConfigurationPlatforms) = postSolution
		{C1FA9B7B-BF90-4C22-83DD-A1BB027ADF30}.Debug|Any CPU.ActiveCfg = Debug|Any CPU
		{C1FA9B7B-BF90-4C22-83DD-A1BB027ADF30}.Debug|Any CPU.Build.0 = Debug|Any CPU
		{C1FA9B7B-BF90-4C22-83DD-A1BB027ADF30}.Debug|x64.ActiveCfg = Debug|Any CPU
		{C1FA9B7B-BF90-4C22-83DD-A1BB027ADF30}.Debug|x64.Build.0 = Debug|Any CPU
		{C1FA9B7B-BF90-4C22-83DD-A1BB027ADF30}.Debug|x86.ActiveCfg = Debug|Any CPU
		{C1FA9B7B-BF90-4C22-83DD-A1BB027ADF30}.Debug|x86.Build.0 = Debug|Any CPU
		{C1FA9B7B-BF90-4C22-83DD-A1BB027ADF30}.Release|Any CPU.ActiveCfg = Release|Any CPU
		{C1FA9B7B-BF90-4C22-83DD-A1BB027ADF30}.Release|Any CPU.Build.0 = Release|Any CPU
		{C1FA9B7B-BF90-4C22-83DD-A1BB027ADF30}.Release|x64.ActiveCfg = Release|Any CPU
		{C1FA9B7B-BF90-4C22-83DD-A1BB027ADF30}.Release|x64.Build.0 = Release|Any CPU
		{C1FA9B7B-BF90-4C22-83DD-A1BB027ADF30}.Release|x86.ActiveCfg = Release|Any CPU
		{C1FA9B7B-BF90-4C22-83DD-A1BB027ADF30}.Release|x86.Build.0 = Release|Any CPU
		{C0A15D6A-E5CE-4B67-AD9E-6C3A02ED6103}.Debug|Any CPU.ActiveCfg = Debug|Any CPU
		{C0A15D6A-E5CE-4B67-AD9E-6C3A02ED6103}.Debug|Any CPU.Build.0 = Debug|Any CPU
		{C0A15D6A-E5CE-4B67-AD9E-6C3A02ED6103}.Debug|x64.ActiveCfg = Debug|Any CPU
		{C0A15D6A-E5CE-4B67-AD9E-6C3A02ED6103}.Debug|x64.Build.0 = Debug|Any CPU
		{C0A15D6A-E5CE-4B67-AD9E-6C3A02ED6103}.Debug|x86.ActiveCfg = Debug|Any CPU
		{C0A15D6A-E5CE-4B67-AD9E-6C3A02ED6103}.Debug|x86.Build.0 = Debug|Any CPU
		{C0A15D6A-E5CE-4B67-AD9E-6C3A02ED6103}.Release|Any CPU.ActiveCfg = Release|Any CPU
		{C0A15D6A-E5CE-4B67-AD9E-6C3A02ED6103}.Release|Any CPU.Build.0 = Release|Any CPU
		{C0A15D6A-E5CE-4B67-AD9E-6C3A02ED6103}.Release|x64.ActiveCfg = Release|Any CPU
		{C0A15D6A-E5CE-4B67-AD9E-6C3A02ED6103}.Release|x64.Build.0 = Release|Any CPU
		{C0A15D6A-E5CE-4B67-AD9E-6C3A02ED6103}.Release|x86.ActiveCfg = Release|Any CPU
		{C0A15D6A-E5CE-4B67-AD9E-6C3A02ED6103}.Release|x86.Build.0 = Release|Any CPU
		{9C520BEE-4C91-48C8-B750-F7027BFEF867}.Debug|Any CPU.ActiveCfg = Debug|Any CPU
		{9C520BEE-4C91-48C8-B750-F7027BFEF867}.Debug|Any CPU.Build.0 = Debug|Any CPU
		{9C520BEE-4C91-48C8-B750-F7027BFEF867}.Debug|x64.ActiveCfg = Debug|Any CPU
		{9C520BEE-4C91-48C8-B750-F7027BFEF867}.Debug|x64.Build.0 = Debug|Any CPU
		{9C520BEE-4C91-48C8-B750-F7027BFEF867}.Debug|x86.ActiveCfg = Debug|Any CPU
		{9C520BEE-4C91-48C8-B750-F7027BFEF867}.Debug|x86.Build.0 = Debug|Any CPU
		{9C520BEE-4C91-48C8-B750-F7027BFEF867}.Release|Any CPU.ActiveCfg = Release|Any CPU
		{9C520BEE-4C91-48C8-B750-F7027BFEF867}.Release|Any CPU.Build.0 = Release|Any CPU
		{9C520BEE-4C91-48C8-B750-F7027BFEF867}.Release|x64.ActiveCfg = Release|Any CPU
		{9C520BEE-4C91-48C8-B750-F7027BFEF867}.Release|x64.Build.0 = Release|Any CPU
		{9C520BEE-4C91-48C8-B750-F7027BFEF867}.Release|x86.ActiveCfg = Release|Any CPU
		{9C520BEE-4C91-48C8-B750-F7027BFEF867}.Release|x86.Build.0 = Release|Any CPU
		{E38795E9-EB4B-4A05-975F-C4F832EDAEBC}.Debug|Any CPU.ActiveCfg = Debug|Any CPU
		{E38795E9-EB4B-4A05-975F-C4F832EDAEBC}.Debug|Any CPU.Build.0 = Debug|Any CPU
		{E38795E9-EB4B-4A05-975F-C4F832EDAEBC}.Debug|x64.ActiveCfg = Debug|Any CPU
		{E38795E9-EB4B-4A05-975F-C4F832EDAEBC}.Debug|x64.Build.0 = Debug|Any CPU
		{E38795E9-EB4B-4A05-975F-C4F832EDAEBC}.Debug|x86.ActiveCfg = Debug|Any CPU
		{E38795E9-EB4B-4A05-975F-C4F832EDAEBC}.Debug|x86.Build.0 = Debug|Any CPU
		{E38795E9-EB4B-4A05-975F-C4F832EDAEBC}.Release|Any CPU.ActiveCfg = Release|Any CPU
		{E38795E9-EB4B-4A05-975F-C4F832EDAEBC}.Release|Any CPU.Build.0 = Release|Any CPU
		{E38795E9-EB4B-4A05-975F-C4F832EDAEBC}.Release|x64.ActiveCfg = Release|Any CPU
		{E38795E9-EB4B-4A05-975F-C4F832EDAEBC}.Release|x64.Build.0 = Release|Any CPU
		{E38795E9-EB4B-4A05-975F-C4F832EDAEBC}.Release|x86.ActiveCfg = Release|Any CPU
		{E38795E9-EB4B-4A05-975F-C4F832EDAEBC}.Release|x86.Build.0 = Release|Any CPU
		{0EECD271-BD0E-4BFC-A069-8CBD9E6579B9}.Debug|Any CPU.ActiveCfg = Debug|Any CPU
		{0EECD271-BD0E-4BFC-A069-8CBD9E6579B9}.Debug|Any CPU.Build.0 = Debug|Any CPU
		{0EECD271-BD0E-4BFC-A069-8CBD9E6579B9}.Debug|x64.ActiveCfg = Debug|Any CPU
		{0EECD271-BD0E-4BFC-A069-8CBD9E6579B9}.Debug|x64.Build.0 = Debug|Any CPU
		{0EECD271-BD0E-4BFC-A069-8CBD9E6579B9}.Debug|x86.ActiveCfg = Debug|Any CPU
		{0EECD271-BD0E-4BFC-A069-8CBD9E6579B9}.Debug|x86.Build.0 = Debug|Any CPU
		{0EECD271-BD0E-4BFC-A069-8CBD9E6579B9}.Release|Any CPU.ActiveCfg = Release|Any CPU
		{0EECD271-BD0E-4BFC-A069-8CBD9E6579B9}.Release|Any CPU.Build.0 = Release|Any CPU
		{0EECD271-BD0E-4BFC-A069-8CBD9E6579B9}.Release|x64.ActiveCfg = Release|Any CPU
		{0EECD271-BD0E-4BFC-A069-8CBD9E6579B9}.Release|x64.Build.0 = Release|Any CPU
		{0EECD271-BD0E-4BFC-A069-8CBD9E6579B9}.Release|x86.ActiveCfg = Release|Any CPU
		{0EECD271-BD0E-4BFC-A069-8CBD9E6579B9}.Release|x86.Build.0 = Release|Any CPU
		{FAD0E772-0A57-4069-9F47-AEC2111EBAAF}.Debug|Any CPU.ActiveCfg = Debug|Any CPU
		{FAD0E772-0A57-4069-9F47-AEC2111EBAAF}.Debug|Any CPU.Build.0 = Debug|Any CPU
		{FAD0E772-0A57-4069-9F47-AEC2111EBAAF}.Debug|x64.ActiveCfg = Debug|Any CPU
		{FAD0E772-0A57-4069-9F47-AEC2111EBAAF}.Debug|x64.Build.0 = Debug|Any CPU
		{FAD0E772-0A57-4069-9F47-AEC2111EBAAF}.Debug|x86.ActiveCfg = Debug|Any CPU
		{FAD0E772-0A57-4069-9F47-AEC2111EBAAF}.Debug|x86.Build.0 = Debug|Any CPU
		{FAD0E772-0A57-4069-9F47-AEC2111EBAAF}.Release|Any CPU.ActiveCfg = Release|Any CPU
		{FAD0E772-0A57-4069-9F47-AEC2111EBAAF}.Release|Any CPU.Build.0 = Release|Any CPU
		{FAD0E772-0A57-4069-9F47-AEC2111EBAAF}.Release|x64.ActiveCfg = Release|Any CPU
		{FAD0E772-0A57-4069-9F47-AEC2111EBAAF}.Release|x64.Build.0 = Release|Any CPU
		{FAD0E772-0A57-4069-9F47-AEC2111EBAAF}.Release|x86.ActiveCfg = Release|Any CPU
		{FAD0E772-0A57-4069-9F47-AEC2111EBAAF}.Release|x86.Build.0 = Release|Any CPU
	EndGlobalSection
	GlobalSection(SolutionProperties) = preSolution
		HideSolutionNode = FALSE
	EndGlobalSection
	GlobalSection(NestedProjects) = preSolution
		{C1FA9B7B-BF90-4C22-83DD-A1BB027ADF30} = {827E0CD3-B72D-47B6-A68D-7590B98EB39B}
		{C0A15D6A-E5CE-4B67-AD9E-6C3A02ED6103} = {827E0CD3-B72D-47B6-A68D-7590B98EB39B}
		{9C520BEE-4C91-48C8-B750-F7027BFEF867} = {827E0CD3-B72D-47B6-A68D-7590B98EB39B}
		{E38795E9-EB4B-4A05-975F-C4F832EDAEBC} = {827E0CD3-B72D-47B6-A68D-7590B98EB39B}
		{0EECD271-BD0E-4BFC-A069-8CBD9E6579B9} = {827E0CD3-B72D-47B6-A68D-7590B98EB39B}
		{FAD0E772-0A57-4069-9F47-AEC2111EBAAF} = {0AB3BF05-4346-4AA6-1389-037BE0695223}
	EndGlobalSection
EndGlobal
